{
    "name": "@leettools/leettools-mcp-server",
    "version": "1.0.7",
    "lockfileVersion": 3,
    "requires": true,
    "packages": {
        "": {
            "name": "@leettools/leettools-mcp-server",
            "version": "1.0.7",
            "license": "Apache 2.0",
            "bin": {
                "leettools-mcp-server": "index.js"
            }
        }
    }
}
